
Microsoft Visual Studio Solution File, Format Version 12.00
# Visual Studio Version 17
VisualStudioVersion = 17.5.002.0
MinimumVisualStudioVersion = 10.0.40219.1
Project("{9A19103F-16F7-4668-BE54-9A1E7A4F7556}") = "MQTTFirstAttempt", "MQTTFirstAttempt.csproj", "{7E5C1FE0-95AA-465C-B2D7-16E30D1AB131}"
EndProject
Global
	GlobalSection(SolutionConfigurationPlatforms) = preSolution
		Debug|Any CPU = Debug|Any CPU
		Release|Any CPU = Release|Any CPU
	EndGlobalSection
	GlobalSection(ProjectConfigurationPlatforms) = postSolution
		{7E5C1FE0-95AA-465C-B2D7-16E30D1AB131}.Debug|Any CPU.ActiveCfg = Debug|Any CPU
		{7E5C1FE0-95AA-465C-B2D7-16E30D1AB131}.Debug|Any CPU.Build.0 = Debug|Any CPU
		{7E5C1FE0-95AA-465C-B2D7-16E30D1AB131}.Release|Any CPU.ActiveCfg = Release|Any CPU
		{7E5C1FE0-95AA-465C-B2D7-16E30D1AB131}.Release|Any CPU.Build.0 = Release|Any CPU
	EndGlobalSection
	GlobalSection(SolutionProperties) = preSolution
		HideSolutionNode = FALSE
	EndGlobalSection
	GlobalSection(ExtensibilityGlobals) = postSolution
		SolutionGuid = {6E2A2C70-2E55-4752-91D5-B559399B172B}
	EndGlobalSection
EndGlobal
