
Microsoft Visual Studio Solution File, Format Version 12.00
# Visual Studio Version 17
VisualStudioVersion = 17.5.002.0
MinimumVisualStudioVersion = 10.0.40219.1
Project("{9A19103F-16F7-4668-BE54-9A1E7A4F7556}") = "RobotProject", "ICT1.2-Empty-Robot-Project\RobotProject.csproj", "{0C00D468-6224-496B-A3C9-5EE94817AE80}"
EndProject
Global
	GlobalSection(SolutionConfigurationPlatforms) = preSolution
		Debug|Any CPU = Debug|Any CPU
		Release|Any CPU = Release|Any CPU
	EndGlobalSection
	GlobalSection(ProjectConfigurationPlatforms) = postSolution
		{0C00D468-6224-496B-A3C9-5EE94817AE80}.Debug|Any CPU.ActiveCfg = Debug|Any CPU
		{0C00D468-6224-496B-A3C9-5EE94817AE80}.Debug|Any CPU.Build.0 = Debug|Any CPU
		{0C00D468-6224-496B-A3C9-5EE94817AE80}.Release|Any CPU.ActiveCfg = Release|Any CPU
		{0C00D468-6224-496B-A3C9-5EE94817AE80}.Release|Any CPU.Build.0 = Release|Any CPU
	EndGlobalSection
	GlobalSection(SolutionProperties) = preSolution
		HideSolutionNode = FALSE
	EndGlobalSection
	GlobalSection(ExtensibilityGlobals) = postSolution
		SolutionGuid = {59E8F90D-9864-43E4-B181-65EF623F0B90}
	EndGlobalSection
EndGlobal
