
Microsoft Visual Studio Solution File, Format Version 12.00
# Visual Studio Version 17
VisualStudioVersion = 17.5.002.0
MinimumVisualStudioVersion = 10.0.40219.1
Project("{9A19103F-16F7-4668-BE54-9A1E7A4F7556}") = "console-sort-numbers", "console-sort-numbers.csproj", "{023525B6-E169-492B-8456-784CF2E76272}"
EndProject
Global
	GlobalSection(SolutionConfigurationPlatforms) = preSolution
		Debug|Any CPU = Debug|Any CPU
		Release|Any CPU = Release|Any CPU
	EndGlobalSection
	GlobalSection(ProjectConfigurationPlatforms) = postSolution
		{023525B6-E169-492B-8456-784CF2E76272}.Debug|Any CPU.ActiveCfg = Debug|Any CPU
		{023525B6-E169-492B-8456-784CF2E76272}.Debug|Any CPU.Build.0 = Debug|Any CPU
		{023525B6-E169-492B-8456-784CF2E76272}.Release|Any CPU.ActiveCfg = Release|Any CPU
		{023525B6-E169-492B-8456-784CF2E76272}.Release|Any CPU.Build.0 = Release|Any CPU
	EndGlobalSection
	GlobalSection(SolutionProperties) = preSolution
		HideSolutionNode = FALSE
	EndGlobalSection
	GlobalSection(ExtensibilityGlobals) = postSolution
		SolutionGuid = {BE2C8ABC-1C55-438A-8671-DD63CBAA09DF}
	EndGlobalSection
EndGlobal
