
Microsoft Visual Studio Solution File, Format Version 12.00
# Visual Studio Version 17
VisualStudioVersion = 17.5.002.0
MinimumVisualStudioVersion = 10.0.40219.1
Project("{9A19103F-16F7-4668-BE54-9A1E7A4F7556}") = "OopConcepts", "OopConcepts.csproj", "{B64B44E9-0421-42E3-AE85-7DFA3D36B36E}"
EndProject
Global
	GlobalSection(SolutionConfigurationPlatforms) = preSolution
		Debug|Any CPU = Debug|Any CPU
		Release|Any CPU = Release|Any CPU
	EndGlobalSection
	GlobalSection(ProjectConfigurationPlatforms) = postSolution
		{B64B44E9-0421-42E3-AE85-7DFA3D36B36E}.Debug|Any CPU.ActiveCfg = Debug|Any CPU
		{B64B44E9-0421-42E3-AE85-7DFA3D36B36E}.Debug|Any CPU.Build.0 = Debug|Any CPU
		{B64B44E9-0421-42E3-AE85-7DFA3D36B36E}.Release|Any CPU.ActiveCfg = Release|Any CPU
		{B64B44E9-0421-42E3-AE85-7DFA3D36B36E}.Release|Any CPU.Build.0 = Release|Any CPU
	EndGlobalSection
	GlobalSection(SolutionProperties) = preSolution
		HideSolutionNode = FALSE
	EndGlobalSection
	GlobalSection(ExtensibilityGlobals) = postSolution
		SolutionGuid = {EADF1936-14CA-44A4-8A4E-E39284FB1AB0}
	EndGlobalSection
EndGlobal
